// !$*UTF8*$!
{
	archiveVersion = 1;
	classes = {
	};
	objectVersion = 56;
	objects = {

/* Begin PBXBuildFile section */
		9340ED0A292908DD00D228AE /* AppDelegate.swift in Sources */ = {isa = PBXBuildFile; fileRef = 9340ED09292908DD00D228AE /* AppDelegate.swift */; };
		9340ED0C292908DD00D228AE /* SceneDelegate.swift in Sources */ = {isa = PBXBuildFile; fileRef = 9340ED0B292908DD00D228AE /* SceneDelegate.swift */; };
		9340ED0E292908DD00D228AE /* FrameworkListViewController.swift in Sources */ = {isa = PBXBuildFile; fileRef = 9340ED0D292908DD00D228AE /* FrameworkListViewController.swift */; };
		9340ED11292908DD00D228AE /* Main.storyboard in Resources */ = {isa = PBXBuildFile; fileRef = 9340ED0F292908DD00D228AE /* Main.storyboard */; };
		9340ED13292908DF00D228AE /* Assets.xcassets in Resources */ = {isa = PBXBuildFile; fileRef = 9340ED12292908DF00D228AE /* Assets.xcassets */; };
		9340ED16292908DF00D228AE /* LaunchScreen.storyboard in Resources */ = {isa = PBXBuildFile; fileRef = 9340ED14292908DF00D228AE /* LaunchScreen.storyboard */; };
		9340ED21292908DF00D228AE /* GridViewDemoTests.swift in Sources */ = {isa = PBXBuildFile; fileRef = 9340ED20292908DF00D228AE /* GridViewDemoTests.swift */; };
		9340ED2B292908DF00D228AE /* GridViewDemoUITests.swift in Sources */ = {isa = PBXBuildFile; fileRef = 9340ED2A292908DF00D228AE /* GridViewDemoUITests.swift */; };
		9340ED2D292908DF00D228AE /* GridViewDemoUITestsLaunchTests.swift in Sources */ = {isa = PBXBuildFile; fileRef = 9340ED2C292908DF00D228AE /* GridViewDemoUITestsLaunchTests.swift */; };
		9340ED3A2929BAB500D228AE /* FrameworkCell.swift in Sources */ = {isa = PBXBuildFile; fileRef = 9340ED392929BAB500D228AE /* FrameworkCell.swift */; };
		9340ED3C2929BB9F00D228AE /* AppleFrameworkModel.swift in Sources */ = {isa = PBXBuildFile; fileRef = 9340ED3B2929BB9F00D228AE /* AppleFrameworkModel.swift */; };
		936805C4293CDB6E006AD6D3 /* FrameworkListViewModel.swift in Sources */ = {isa = PBXBuildFile; fileRef = 936805C3293CDB6E006AD6D3 /* FrameworkListViewModel.swift */; };
		936805C6293CDB78006AD6D3 /* FrameworkDetailViewModel.swift in Sources */ = {isa = PBXBuildFile; fileRef = 936805C5293CDB78006AD6D3 /* FrameworkDetailViewModel.swift */; };
		93E0DAD8292F743C0008E246 /* Detail.storyboard in Resources */ = {isa = PBXBuildFile; fileRef = 93E0DAD7292F743C0008E246 /* Detail.storyboard */; };
		93E0DADA292F74C40008E246 /* FrameworkDetailViewController.swift in Sources */ = {isa = PBXBuildFile; fileRef = 93E0DAD9292F74C40008E246 /* FrameworkDetailViewController.swift */; };
/* End PBXBuildFile section */

/* Begin PBXContainerItemProxy section */
		9340ED1D292908DF00D228AE /* PBXContainerItemProxy */ = {
			isa = PBXContainerItemProxy;
			containerPortal = 9340ECFE292908DD00D228AE /* Project object */;
			proxyType = 1;
			remoteGlobalIDString = 9340ED05292908DD00D228AE;
			remoteInfo = GridViewDemo;
		};
		9340ED27292908DF00D228AE /* PBXContainerItemProxy */ = {
			isa = PBXContainerItemProxy;
			containerPortal = 9340ECFE292908DD00D228AE /* Project object */;
			proxyType = 1;
			remoteGlobalIDString = 9340ED05292908DD00D228AE;
			remoteInfo = GridViewDemo;
		};
/* End PBXContainerItemProxy section */

/* Begin PBXFileReference section */
		9340ED06292908DD00D228AE /* GridViewDemo.app */ = {isa = PBXFileReference; explicitFileType = wrapper.application; includeInIndex = 0; path = GridViewDemo.app; sourceTree = BUILT_PRODUCTS_DIR; };
		9340ED09292908DD00D228AE /* AppDelegate.swift */ = {isa = PBXFileReference; lastKnownFileType = sourcecode.swift; path = AppDelegate.swift; sourceTree = "<group>"; };
		9340ED0B292908DD00D228AE /* SceneDelegate.swift */ = {isa = PBXFileReference; lastKnownFileType = sourcecode.swift; path = SceneDelegate.swift; sourceTree = "<group>"; };
		9340ED0D292908DD00D228AE /* FrameworkListViewController.swift */ = {isa = PBXFileReference; lastKnownFileType = sourcecode.swift; path = FrameworkListViewController.swift; sourceTree = "<group>"; };
		9340ED10292908DD00D228AE /* Base */ = {isa = PBXFileReference; lastKnownFileType = file.storyboard; name = Base; path = Base.lproj/Main.storyboard; sourceTree = "<group>"; };
		9340ED12292908DF00D228AE /* Assets.xcassets */ = {isa = PBXFileReference; lastKnownFileType = folder.assetcatalog; path = Assets.xcassets; sourceTree = "<group>"; };
		9340ED15292908DF00D228AE /* Base */ = {isa = PBXFileReference; lastKnownFileType = file.storyboard; name = Base; path = Base.lproj/LaunchScreen.storyboard; sourceTree = "<group>"; };
		9340ED17292908DF00D228AE /* Info.plist */ = {isa = PBXFileReference; lastKnownFileType = text.plist.xml; path = Info.plist; sourceTree = "<group>"; };
		9340ED1C292908DF00D228AE /* GridViewDemoTests.xctest */ = {isa = PBXFileReference; explicitFileType = wrapper.cfbundle; includeInIndex = 0; path = GridViewDemoTests.xctest; sourceTree = BUILT_PRODUCTS_DIR; };
		9340ED20292908DF00D228AE /* GridViewDemoTests.swift */ = {isa = PBXFileReference; lastKnownFileType = sourcecode.swift; path = GridViewDemoTests.swift; sourceTree = "<group>"; };
		9340ED26292908DF00D228AE /* GridViewDemoUITests.xctest */ = {isa = PBXFileReference; explicitFileType = wrapper.cfbundle; includeInIndex = 0; path = GridViewDemoUITests.xctest; sourceTree = BUILT_PRODUCTS_DIR; };
		9340ED2A292908DF00D228AE /* GridViewDemoUITests.swift */ = {isa = PBXFileReference; lastKnownFileType = sourcecode.swift; path = GridViewDemoUITests.swift; sourceTree = "<group>"; };
		9340ED2C292908DF00D228AE /* GridViewDemoUITestsLaunchTests.swift */ = {isa = PBXFileReference; lastKnownFileType = sourcecode.swift; path = GridViewDemoUITestsLaunchTests.swift; sourceTree = "<group>"; };
		9340ED392929BAB500D228AE /* FrameworkCell.swift */ = {isa = PBXFileReference; lastKnownFileType = sourcecode.swift; path = FrameworkCell.swift; sourceTree = "<group>"; };
		9340ED3B2929BB9F00D228AE /* AppleFrameworkModel.swift */ = {isa = PBXFileReference; lastKnownFileType = sourcecode.swift; path = AppleFrameworkModel.swift; sourceTree = "<group>"; };
		936805C3293CDB6E006AD6D3 /* FrameworkListViewModel.swift */ = {isa = PBXFileReference; lastKnownFileType = sourcecode.swift; path = FrameworkListViewModel.swift; sourceTree = "<group>"; };
		936805C5293CDB78006AD6D3 /* FrameworkDetailViewModel.swift */ = {isa = PBXFileReference; lastKnownFileType = sourcecode.swift; path = FrameworkDetailViewModel.swift; sourceTree = "<group>"; };
		93E0DAD7292F743C0008E246 /* Detail.storyboard */ = {isa = PBXFileReference; lastKnownFileType = file.storyboard; path = Detail.storyboard; sourceTree = "<group>"; };
		93E0DAD9292F74C40008E246 /* FrameworkDetailViewController.swift */ = {isa = PBXFileReference; lastKnownFileType = sourcecode.swift; path = FrameworkDetailViewController.swift; sourceTree = "<group>"; };
/* End PBXFileReference section */

/* Begin PBXFrameworksBuildPhase section */
		9340ED03292908DD00D228AE /* Frameworks */ = {
			isa = PBXFrameworksBuildPhase;
			buildActionMask = 2147483647;
			files = (
			);
			runOnlyForDeploymentPostprocessing = 0;
		};
		9340ED19292908DF00D228AE /* Frameworks */ = {
			isa = PBXFrameworksBuildPhase;
			buildActionMask = 2147483647;
			files = (
			);
			runOnlyForDeploymentPostprocessing = 0;
		};
		9340ED23292908DF00D228AE /* Frameworks */ = {
			isa = PBXFrameworksBuildPhase;
			buildActionMask = 2147483647;
			files = (
			);
			runOnlyForDeploymentPostprocessing = 0;
		};
/* End PBXFrameworksBuildPhase section */

/* Begin PBXGroup section */
		932A629E293DF577003427D3 /* ViewModel */ = {
			isa = PBXGroup;
			children = (
				936805C3293CDB6E006AD6D3 /* FrameworkListViewModel.swift */,
				936805C5293CDB78006AD6D3 /* FrameworkDetailViewModel.swift */,
			);
			path = ViewModel;
			sourceTree = "<group>";
		};
		9340ECFD292908DD00D228AE = {
			isa = PBXGroup;
			children = (
				9340ED08292908DD00D228AE /* GridViewDemo */,
				9340ED1F292908DF00D228AE /* GridViewDemoTests */,
				9340ED29292908DF00D228AE /* GridViewDemoUITests */,
				9340ED07292908DD00D228AE /* Products */,
			);
			sourceTree = "<group>";
		};
		9340ED07292908DD00D228AE /* Products */ = {
			isa = PBXGroup;
			children = (
				9340ED06292908DD00D228AE /* GridViewDemo.app */,
				9340ED1C292908DF00D228AE /* GridViewDemoTests.xctest */,
				9340ED26292908DF00D228AE /* GridViewDemoUITests.xctest */,
			);
			name = Products;
			sourceTree = "<group>";
		};
		9340ED08292908DD00D228AE /* GridViewDemo */ = {
			isa = PBXGroup;
			children = (
				9340ED09292908DD00D228AE /* AppDelegate.swift */,
				9340ED0B292908DD00D228AE /* SceneDelegate.swift */,
				936805C0293CDAE8006AD6D3 /* Model */,
				936805C2293CDB2A006AD6D3 /* View */,
				932A629E293DF577003427D3 /* ViewModel */,
				9340ED12292908DF00D228AE /* Assets.xcassets */,
				9340ED14292908DF00D228AE /* LaunchScreen.storyboard */,
				9340ED17292908DF00D228AE /* Info.plist */,
			);
			path = GridViewDemo;
			sourceTree = "<group>";
		};
		9340ED1F292908DF00D228AE /* GridViewDemoTests */ = {
			isa = PBXGroup;
			children = (
				9340ED20292908DF00D228AE /* GridViewDemoTests.swift */,
			);
			path = GridViewDemoTests;
			sourceTree = "<group>";
		};
		9340ED29292908DF00D228AE /* GridViewDemoUITests */ = {
			isa = PBXGroup;
			children = (
				9340ED2A292908DF00D228AE /* GridViewDemoUITests.swift */,
				9340ED2C292908DF00D228AE /* GridViewDemoUITestsLaunchTests.swift */,
			);
			path = GridViewDemoUITests;
			sourceTree = "<group>";
		};
		936805C0293CDAE8006AD6D3 /* Model */ = {
			isa = PBXGroup;
			children = (
				9340ED3B2929BB9F00D228AE /* AppleFrameworkModel.swift */,
			);
			path = Model;
			sourceTree = "<group>";
		};
		936805C2293CDB2A006AD6D3 /* View */ = {
			isa = PBXGroup;
			children = (
				9340ED0D292908DD00D228AE /* FrameworkListViewController.swift */,
				9340ED392929BAB500D228AE /* FrameworkCell.swift */,
				93E0DAD9292F74C40008E246 /* FrameworkDetailViewController.swift */,
				9340ED0F292908DD00D228AE /* Main.storyboard */,
				93E0DAD7292F743C0008E246 /* Detail.storyboard */,
			);
			path = View;
			sourceTree = "<group>";
		};
/* End PBXGroup section */

/* Begin PBXNativeTarget section */
		9340ED05292908DD00D228AE /* GridViewDemo */ = {
			isa = PBXNativeTarget;
			buildConfigurationList = 9340ED30292908DF00D228AE /* Build configuration list for PBXNativeTarget "GridViewDemo" */;
			buildPhases = (
				9340ED02292908DD00D228AE /* Sources */,
				9340ED03292908DD00D228AE /* Frameworks */,
				9340ED04292908DD00D228AE /* Resources */,
			);
			buildRules = (
			);
			dependencies = (
			);
			name = GridViewDemo;
			productName = GridViewDemo;
			productReference = 9340ED06292908DD00D228AE /* GridViewDemo.app */;
			productType = "com.apple.product-type.application";
		};
		9340ED1B292908DF00D228AE /* GridViewDemoTests */ = {
			isa = PBXNativeTarget;
			buildConfigurationList = 9340ED33292908DF00D228AE /* Build configuration list for PBXNativeTarget "GridViewDemoTests" */;
			buildPhases = (
				9340ED18292908DF00D228AE /* Sources */,
				9340ED19292908DF00D228AE /* Frameworks */,
				9340ED1A292908DF00D228AE /* Resources */,
			);
			buildRules = (
			);
			dependencies = (
				9340ED1E292908DF00D228AE /* PBXTargetDependency */,
			);
			name = GridViewDemoTests;
			productName = GridViewDemoTests;
			productReference = 9340ED1C292908DF00D228AE /* GridViewDemoTests.xctest */;
			productType = "com.apple.product-type.bundle.unit-test";
		};
		9340ED25292908DF00D228AE /* GridViewDemoUITests */ = {
			isa = PBXNativeTarget;
			buildConfigurationList = 9340ED36292908DF00D228AE /* Build configuration list for PBXNativeTarget "GridViewDemoUITests" */;
			buildPhases = (
				9340ED22292908DF00D228AE /* Sources */,
				9340ED23292908DF00D228AE /* Frameworks */,
				9340ED24292908DF00D228AE /* Resources */,
			);
			buildRules = (
			);
			dependencies = (
				9340ED28292908DF00D228AE /* PBXTargetDependency */,
			);
			name = GridViewDemoUITests;
			productName = GridViewDemoUITests;
			productReference = 9340ED26292908DF00D228AE /* GridViewDemoUITests.xctest */;
			productType = "com.apple.product-type.bundle.ui-testing";
		};
/* End PBXNativeTarget section */

/* Begin PBXProject section */
		9340ECFE292908DD00D228AE /* Project object */ = {
			isa = PBXProject;
			attributes = {
				BuildIndependentTargetsInParallel = 1;
				LastSwiftUpdateCheck = 1410;
				LastUpgradeCheck = 1410;
				TargetAttributes = {
					9340ED05292908DD00D228AE = {
						CreatedOnToolsVersion = 14.1;
					};
					9340ED1B292908DF00D228AE = {
						CreatedOnToolsVersion = 14.1;
						TestTargetID = 9340ED05292908DD00D228AE;
					};
					9340ED25292908DF00D228AE = {
						CreatedOnToolsVersion = 14.1;
						TestTargetID = 9340ED05292908DD00D228AE;
					};
				};
			};
			buildConfigurationList = 9340ED01292908DD00D228AE /* Build configuration list for PBXProject "GridViewDemo" */;
			compatibilityVersion = "Xcode 14.0";
			developmentRegion = en;
			hasScannedForEncodings = 0;
			knownRegions = (
				en,
				Base,
			);
			mainGroup = 9340ECFD292908DD00D228AE;
			productRefGroup = 9340ED07292908DD00D228AE /* Products */;
			projectDirPath = "";
			projectRoot = "";
			targets = (
				9340ED05292908DD00D228AE /* GridViewDemo */,
				9340ED1B292908DF00D228AE /* GridViewDemoTests */,
				9340ED25292908DF00D228AE /* GridViewDemoUITests */,
			);
		};
/* End PBXProject section */

/* Begin PBXResourcesBuildPhase section */
		9340ED04292908DD00D228AE /* Resources */ = {
			isa = PBXResourcesBuildPhase;
			buildActionMask = 2147483647;
			files = (
				9340ED16292908DF00D228AE /* LaunchScreen.storyboard in Resources */,
				9340ED13292908DF00D228AE /* Assets.xcassets in Resources */,
				9340ED11292908DD00D228AE /* Main.storyboard in Resources */,
				93E0DAD8292F743C0008E246 /* Detail.storyboard in Resources */,
			);
			runOnlyForDeploymentPostprocessing = 0;
		};
		9340ED1A292908DF00D228AE /* Resources */ = {
			isa = PBXResourcesBuildPhase;
			buildActionMask = 2147483647;
			files = (
			);
			runOnlyForDeploymentPostprocessing = 0;
		};
		9340ED24292908DF00D228AE /* Resources */ = {
			isa = PBXResourcesBuildPhase;
			buildActionMask = 2147483647;
			files = (
			);
			runOnlyForDeploymentPostprocessing = 0;
		};
/* End PBXResourcesBuildPhase section */

/* Begin PBXSourcesBuildPhase section */
		9340ED02292908DD00D228AE /* Sources */ = {
			isa = PBXSourcesBuildPhase;
			buildActionMask = 2147483647;
			files = (
				9340ED0E292908DD00D228AE /* FrameworkListViewController.swift in Sources */,
				9340ED3C2929BB9F00D228AE /* AppleFrameworkModel.swift in Sources */,
				936805C4293CDB6E006AD6D3 /* FrameworkListViewModel.swift in Sources */,
				9340ED0A292908DD00D228AE /* AppDelegate.swift in Sources */,
				9340ED3A2929BAB500D228AE /* FrameworkCell.swift in Sources */,
				93E0DADA292F74C40008E246 /* FrameworkDetailViewController.swift in Sources */,
				936805C6293CDB78006AD6D3 /* FrameworkDetailViewModel.swift in Sources */,
				9340ED0C292908DD00D228AE /* SceneDelegate.swift in Sources */,
			);
			runOnlyForDeploymentPostprocessing = 0;
		};
		9340ED18292908DF00D228AE /* Sources */ = {
			isa = PBXSourcesBuildPhase;
			buildActionMask = 2147483647;
			files = (
				9340ED21292908DF00D228AE /* GridViewDemoTests.swift in Sources */,
			);
			runOnlyForDeploymentPostprocessing = 0;
		};
		9340ED22292908DF00D228AE /* Sources */ = {
			isa = PBXSourcesBuildPhase;
			buildActionMask = 2147483647;
			files = (
				9340ED2D292908DF00D228AE /* GridViewDemoUITestsLaunchTests.swift in Sources */,
				9340ED2B292908DF00D228AE /* GridViewDemoUITests.swift in Sources */,
			);
			runOnlyForDeploymentPostprocessing = 0;
		};
/* End PBXSourcesBuildPhase section */

/* Begin PBXTargetDependency section */
		9340ED1E292908DF00D228AE /* PBXTargetDependency */ = {
			isa = PBXTargetDependency;
			target = 9340ED05292908DD00D228AE /* GridViewDemo */;
			targetProxy = 9340ED1D292908DF00D228AE /* PBXContainerItemProxy */;
		};
		9340ED28292908DF00D228AE /* PBXTargetDependency */ = {
			isa = PBXTargetDependency;
			target = 9340ED05292908DD00D228AE /* GridViewDemo */;
			targetProxy = 9340ED27292908DF00D228AE /* PBXContainerItemProxy */;
		};
/* End PBXTargetDependency section */

/* Begin PBXVariantGroup section */
		9340ED0F292908DD00D228AE /* Main.storyboard */ = {
			isa = PBXVariantGroup;
			children = (
				9340ED10292908DD00D228AE /* Base */,
			);
			name = Main.storyboard;
			sourceTree = "<group>";
		};
		9340ED14292908DF00D228AE /* LaunchScreen.storyboard */ = {
			isa = PBXVariantGroup;
			children = (
				9340ED15292908DF00D228AE /* Base */,
			);
			name = LaunchScreen.storyboard;
			sourceTree = "<group>";
		};
/* End PBXVariantGroup section */

/* Begin XCBuildConfiguration section */
		9340ED2E292908DF00D228AE /* Debug */ = {
			isa = XCBuildConfiguration;
			buildSettings = {
				ALWAYS_SEARCH_USER_PATHS = NO;
				CLANG_ANALYZER_NONNULL = YES;
				CLANG_ANALYZER_NUMBER_OBJECT_CONVERSION = YES_AGGRESSIVE;
				CLANG_CXX_LANGUAGE_STANDARD = "gnu++20";
				CLANG_ENABLE_MODULES = YES;
				CLANG_ENABLE_OBJC_ARC = YES;
				CLANG_ENABLE_OBJC_WEAK = YES;
				CLANG_WARN_BLOCK_CAPTURE_AUTORELEASING = YES;
				CLANG_WARN_BOOL_CONVERSION = YES;
				CLANG_WARN_COMMA = YES;
				CLANG_WARN_CONSTANT_CONVERSION = YES;
				CLANG_WARN_DEPRECATED_OBJC_IMPLEMENTATIONS = YES;
				CLANG_WARN_DIRECT_OBJC_ISA_USAGE = YES_ERROR;
				CLANG_WARN_DOCUMENTATION_COMMENTS = YES;
				CLANG_WARN_EMPTY_BODY = YES;
				CLANG_WARN_ENUM_CONVERSION = YES;
				CLANG_WARN_INFINITE_RECURSION = YES;
				CLANG_WARN_INT_CONVERSION = YES;
				CLANG_WARN_NON_LITERAL_NULL_CONVERSION = YES;
				CLANG_WARN_OBJC_IMPLICIT_RETAIN_SELF = YES;
				CLANG_WARN_OBJC_LITERAL_CONVERSION = YES;
				CLANG_WARN_OBJC_ROOT_CLASS = YES_ERROR;
				CLANG_WARN_QUOTED_INCLUDE_IN_FRAMEWORK_HEADER = YES;
				CLANG_WARN_RANGE_LOOP_ANALYSIS = YES;
				CLANG_WARN_STRICT_PROTOTYPES = YES;
				CLANG_WARN_SUSPICIOUS_MOVE = YES;
				CLANG_WARN_UNGUARDED_AVAILABILITY = YES_AGGRESSIVE;
				CLANG_WARN_UNREACHABLE_CODE = YES;
				CLANG_WARN__DUPLICATE_METHOD_MATCH = YES;
				COPY_PHASE_STRIP = NO;
				DEBUG_INFORMATION_FORMAT = dwarf;
				ENABLE_STRICT_OBJC_MSGSEND = YES;
				ENABLE_TESTABILITY = YES;
				GCC_C_LANGUAGE_STANDARD = gnu11;
				GCC_DYNAMIC_NO_PIC = NO;
				GCC_NO_COMMON_BLOCKS = YES;
				GCC_OPTIMIZATION_LEVEL = 0;
				GCC_PREPROCESSOR_DEFINITIONS = (
					"DEBUG=1",
					"$(inherited)",
				);
				GCC_WARN_64_TO_32_BIT_CONVERSION = YES;
				GCC_WARN_ABOUT_RETURN_TYPE = YES_ERROR;
				GCC_WARN_UNDECLARED_SELECTOR = YES;
				GCC_WARN_UNINITIALIZED_AUTOS = YES_AGGRESSIVE;
				GCC_WARN_UNUSED_FUNCTION = YES;
				GCC_WARN_UNUSED_VARIABLE = YES;
				IPHONEOS_DEPLOYMENT_TARGET = 16.1;
				MTL_ENABLE_DEBUG_INFO = INCLUDE_SOURCE;
				MTL_FAST_MATH = YES;
				ONLY_ACTIVE_ARCH = YES;
				SDKROOT = iphoneos;
				SWIFT_ACTIVE_COMPILATION_CONDITIONS = DEBUG;
				SWIFT_OPTIMIZATION_LEVEL = "-Onone";
			};
			name = Debug;
		};
		9340ED2F292908DF00D228AE /* Release */ = {
			isa = XCBuildConfiguration;
			buildSettings = {
				ALWAYS_SEARCH_USER_PATHS = NO;
				CLANG_ANALYZER_NONNULL = YES;
				CLANG_ANALYZER_NUMBER_OBJECT_CONVERSION = YES_AGGRESSIVE;
				CLANG_CXX_LANGUAGE_STANDARD = "gnu++20";
				CLANG_ENABLE_MODULES = YES;
				CLANG_ENABLE_OBJC_ARC = YES;
				CLANG_ENABLE_OBJC_WEAK = YES;
				CLANG_WARN_BLOCK_CAPTURE_AUTORELEASING = YES;
				CLANG_WARN_BOOL_CONVERSION = YES;
				CLANG_WARN_COMMA = YES;
				CLANG_WARN_CONSTANT_CONVERSION = YES;
				CLANG_WARN_DEPRECATED_OBJC_IMPLEMENTATIONS = YES;
				CLANG_WARN_DIRECT_OBJC_ISA_USAGE = YES_ERROR;
				CLANG_WARN_DOCUMENTATION_COMMENTS = YES;
				CLANG_WARN_EMPTY_BODY = YES;
				CLANG_WARN_ENUM_CONVERSION = YES;
				CLANG_WARN_INFINITE_RECURSION = YES;
				CLANG_WARN_INT_CONVERSION = YES;
				CLANG_WARN_NON_LITERAL_NULL_CONVERSION = YES;
				CLANG_WARN_OBJC_IMPLICIT_RETAIN_SELF = YES;
				CLANG_WARN_OBJC_LITERAL_CONVERSION = YES;
				CLANG_WARN_OBJC_ROOT_CLASS = YES_ERROR;
				CLANG_WARN_QUOTED_INCLUDE_IN_FRAMEWORK_HEADER = YES;
				CLANG_WARN_RANGE_LOOP_ANALYSIS = YES;
				CLANG_WARN_STRICT_PROTOTYPES = YES;
				CLANG_WARN_SUSPICIOUS_MOVE = YES;
				CLANG_WARN_UNGUARDED_AVAILABILITY = YES_AGGRESSIVE;
				CLANG_WARN_UNREACHABLE_CODE = YES;
				CLANG_WARN__DUPLICATE_METHOD_MATCH = YES;
				COPY_PHASE_STRIP = NO;
				DEBUG_INFORMATION_FORMAT = "dwarf-with-dsym";
				ENABLE_NS_ASSERTIONS = NO;
				ENABLE_STRICT_OBJC_MSGSEND = YES;
				GCC_C_LANGUAGE_STANDARD = gnu11;
				GCC_NO_COMMON_BLOCKS = YES;
				GCC_WARN_64_TO_32_BIT_CONVERSION = YES;
				GCC_WARN_ABOUT_RETURN_TYPE = YES_ERROR;
				GCC_WARN_UNDECLARED_SELECTOR = YES;
				GCC_WARN_UNINITIALIZED_AUTOS = YES_AGGRESSIVE;
				GCC_WARN_UNUSED_FUNCTION = YES;
				GCC_WARN_UNUSED_VARIABLE = YES;
				IPHONEOS_DEPLOYMENT_TARGET = 16.1;
				MTL_ENABLE_DEBUG_INFO = NO;
				MTL_FAST_MATH = YES;
				SDKROOT = iphoneos;
				SWIFT_COMPILATION_MODE = wholemodule;
				SWIFT_OPTIMIZATION_LEVEL = "-O";
				VALIDATE_PRODUCT = YES;
			};
			name = Release;
		};
		9340ED31292908DF00D228AE /* Debug */ = {
			isa = XCBuildConfiguration;
			buildSettings = {
				ASSETCATALOG_COMPILER_APPICON_NAME = AppIcon;
				ASSETCATALOG_COMPILER_GLOBAL_ACCENT_COLOR_NAME = AccentColor;
				CODE_SIGN_STYLE = Automatic;
				CURRENT_PROJECT_VERSION = 1;
				GENERATE_INFOPLIST_FILE = YES;
				INFOPLIST_FILE = GridViewDemo/Info.plist;
				INFOPLIST_KEY_UIApplicationSupportsIndirectInputEvents = YES;
				INFOPLIST_KEY_UILaunchStoryboardName = LaunchScreen;
				INFOPLIST_KEY_UIMainStoryboardFile = Main;
				INFOPLIST_KEY_UISupportedInterfaceOrientations_iPad = "UIInterfaceOrientationPortrait UIInterfaceOrientationPortraitUpsideDown UIInterfaceOrientationLandscapeLeft UIInterfaceOrientationLandscapeRight";
				INFOPLIST_KEY_UISupportedInterfaceOrientations_iPhone = "UIInterfaceOrientationPortrait UIInterfaceOrientationLandscapeLeft UIInterfaceOrientationLandscapeRight";
				LD_RUNPATH_SEARCH_PATHS = (
					"$(inherited)",
					"@executable_path/Frameworks",
				);
				MARKETING_VERSION = 1.0;
				PRODUCT_BUNDLE_IDENTIFIER = kmong.com.GridViewDemo;
				PRODUCT_NAME = "$(TARGET_NAME)";
				SWIFT_EMIT_LOC_STRINGS = YES;
				SWIFT_VERSION = 5.0;
				TARGETED_DEVICE_FAMILY = "1,2";
			};
			name = Debug;
		};
		9340ED32292908DF00D228AE /* Release */ = {
			isa = XCBuildConfiguration;
			buildSettings = {
				ASSETCATALOG_COMPILER_APPICON_NAME = AppIcon;
				ASSETCATALOG_COMPILER_GLOBAL_ACCENT_COLOR_NAME = AccentColor;
				CODE_SIGN_STYLE = Automatic;
				CURRENT_PROJECT_VERSION = 1;
				GENERATE_INFOPLIST_FILE = YES;
				INFOPLIST_FILE = GridViewDemo/Info.plist;
				INFOPLIST_KEY_UIApplicationSupportsIndirectInputEvents = YES;
				INFOPLIST_KEY_UILaunchStoryboardName = LaunchScreen;
				INFOPLIST_KEY_UIMainStoryboardFile = Main;
				INFOPLIST_KEY_UISupportedInterfaceOrientations_iPad = "UIInterfaceOrientationPortrait UIInterfaceOrientationPortraitUpsideDown UIInterfaceOrientationLandscapeLeft UIInterfaceOrientationLandscapeRight";
				INFOPLIST_KEY_UISupportedInterfaceOrientations_iPhone = "UIInterfaceOrientationPortrait UIInterfaceOrientationLandscapeLeft UIInterfaceOrientationLandscapeRight";
				LD_RUNPATH_SEARCH_PATHS = (
					"$(inherited)",
					"@executable_path/Frameworks",
				);
				MARKETING_VERSION = 1.0;
				PRODUCT_BUNDLE_IDENTIFIER = kmong.com.GridViewDemo;
				PRODUCT_NAME = "$(TARGET_NAME)";
				SWIFT_EMIT_LOC_STRINGS = YES;
				SWIFT_VERSION = 5.0;
				TARGETED_DEVICE_FAMILY = "1,2";
			};
			name = Release;
		};
		9340ED34292908DF00D228AE /* Debug */ = {
			isa = XCBuildConfiguration;
			buildSettings = {
				ALWAYS_EMBED_SWIFT_STANDARD_LIBRARIES = YES;
				BUNDLE_LOADER = "$(TEST_HOST)";
				CODE_SIGN_STYLE = Automatic;
				CURRENT_PROJECT_VERSION = 1;
				GENERATE_INFOPLIST_FILE = YES;
				IPHONEOS_DEPLOYMENT_TARGET = 16.1;
				MARKETING_VERSION = 1.0;
				PRODUCT_BUNDLE_IDENTIFIER = kmong.com.GridViewDemoTests;
				PRODUCT_NAME = "$(TARGET_NAME)";
				SWIFT_EMIT_LOC_STRINGS = NO;
				SWIFT_VERSION = 5.0;
				TARGETED_DEVICE_FAMILY = "1,2";
				TEST_HOST = "$(BUILT_PRODUCTS_DIR)/GridViewDemo.app/$(BUNDLE_EXECUTABLE_FOLDER_PATH)/GridViewDemo";
			};
			name = Debug;
		};
		9340ED35292908DF00D228AE /* Release */ = {
			isa = XCBuildConfiguration;
			buildSettings = {
				ALWAYS_EMBED_SWIFT_STANDARD_LIBRARIES = YES;
				BUNDLE_LOADER = "$(TEST_HOST)";
				CODE_SIGN_STYLE = Automatic;
				CURRENT_PROJECT_VERSION = 1;
				GENERATE_INFOPLIST_FILE = YES;
				IPHONEOS_DEPLOYMENT_TARGET = 16.1;
				MARKETING_VERSION = 1.0;
				PRODUCT_BUNDLE_IDENTIFIER = kmong.com.GridViewDemoTests;
				PRODUCT_NAME = "$(TARGET_NAME)";
				SWIFT_EMIT_LOC_STRINGS = NO;
				SWIFT_VERSION = 5.0;
				TARGETED_DEVICE_FAMILY = "1,2";
				TEST_HOST = "$(BUILT_PRODUCTS_DIR)/GridViewDemo.app/$(BUNDLE_EXECUTABLE_FOLDER_PATH)/GridViewDemo";
			};
			name = Release;
		};
		9340ED37292908DF00D228AE /* Debug */ = {
			isa = XCBuildConfiguration;
			buildSettings = {
				ALWAYS_EMBED_SWIFT_STANDARD_LIBRARIES = YES;
				CODE_SIGN_STYLE = Automatic;
				CURRENT_PROJECT_VERSION = 1;
				GENERATE_INFOPLIST_FILE = YES;
				MARKETING_VERSION = 1.0;
				PRODUCT_BUNDLE_IDENTIFIER = kmong.com.GridViewDemoUITests;
				PRODUCT_NAME = "$(TARGET_NAME)";
				SWIFT_EMIT_LOC_STRINGS = NO;
				SWIFT_VERSION = 5.0;
				TARGETED_DEVICE_FAMILY = "1,2";
				TEST_TARGET_NAME = GridViewDemo;
			};
			name = Debug;
		};
		9340ED38292908DF00D228AE /* Release */ = {
			isa = XCBuildConfiguration;
			buildSettings = {
				ALWAYS_EMBED_SWIFT_STANDARD_LIBRARIES = YES;
				CODE_SIGN_STYLE = Automatic;
				CURRENT_PROJECT_VERSION = 1;
				GENERATE_INFOPLIST_FILE = YES;
				MARKETING_VERSION = 1.0;
				PRODUCT_BUNDLE_IDENTIFIER = kmong.com.GridViewDemoUITests;
				PRODUCT_NAME = "$(TARGET_NAME)";
				SWIFT_EMIT_LOC_STRINGS = NO;
				SWIFT_VERSION = 5.0;
				TARGETED_DEVICE_FAMILY = "1,2";
				TEST_TARGET_NAME = GridViewDemo;
			};
			name = Release;
		};
/* End XCBuildConfiguration section */

/* Begin XCConfigurationList section */
		9340ED01292908DD00D228AE /* Build configuration list for PBXProject "GridViewDemo" */ = {
			isa = XCConfigurationList;
			buildConfigurations = (
				9340ED2E292908DF00D228AE /* Debug */,
				9340ED2F292908DF00D228AE /* Release */,
			);
			defaultConfigurationIsVisible = 0;
			defaultConfigurationName = Release;
		};
		9340ED30292908DF00D228AE /* Build configuration list for PBXNativeTarget "GridViewDemo" */ = {
			isa = XCConfigurationList;
			buildConfigurations = (
				9340ED31292908DF00D228AE /* Debug */,
				9340ED32292908DF00D228AE /* Release */,
			);
			defaultConfigurationIsVisible = 0;
			defaultConfigurationName = Release;
		};
		9340ED33292908DF00D228AE /* Build configuration list for PBXNativeTarget "GridViewDemoTests" */ = {
			isa = XCConfigurationList;
			buildConfigurations = (
				9340ED34292908DF00D228AE /* Debug */,
				9340ED35292908DF00D228AE /* Release */,
			);
			defaultConfigurationIsVisible = 0;
			defaultConfigurationName = Release;
		};
		9340ED36292908DF00D228AE /* Build configuration list for PBXNativeTarget "GridViewDemoUITests" */ = {
			isa = XCConfigurationList;
			buildConfigurations = (
				9340ED37292908DF00D228AE /* Debug */,
				9340ED38292908DF00D228AE /* Release */,
			);
			defaultConfigurationIsVisible = 0;
			defaultConfigurationName = Release;
		};
/* End XCConfigurationList section */
	};
	rootObject = 9340ECFE292908DD00D228AE /* Project object */;
}
